// !$*UTF8*$!
{
	archiveVersion = 1;
	classes = {
	};
	objectVersion = 46;
	objects = {

/* Begin PBXBuildFile section */
		5D35302B1EA8F0B1005DB20F /* LJMListAdapter.m in Sources */ = {isa = PBXBuildFile; fileRef = 5D35302A1EA8F0B1005DB20F /* LJMListAdapter.m */; };
		5D35302F1EA90338005DB20F /* LJMListSectionConfiguration.m in Sources */ = {isa = PBXBuildFile; fileRef = 5D35302E1EA90338005DB20F /* LJMListSectionConfiguration.m */; };
		5D915F811EA8B740009D7069 /* main.m in Sources */ = {isa = PBXBuildFile; fileRef = 5D915F801EA8B740009D7069 /* main.m */; };
		5D915F841EA8B740009D7069 /* AppDelegate.m in Sources */ = {isa = PBXBuildFile; fileRef = 5D915F831EA8B740009D7069 /* AppDelegate.m */; };
		5D915F871EA8B740009D7069 /* ViewController.m in Sources */ = {isa = PBXBuildFile; fileRef = 5D915F861EA8B740009D7069 /* ViewController.m */; };
		5D915F8A1EA8B740009D7069 /* Main.storyboard in Resources */ = {isa = PBXBuildFile; fileRef = 5D915F881EA8B740009D7069 /* Main.storyboard */; };
		5D915F8C1EA8B740009D7069 /* Assets.xcassets in Resources */ = {isa = PBXBuildFile; fileRef = 5D915F8B1EA8B740009D7069 /* Assets.xcassets */; };
		5D915F8F1EA8B740009D7069 /* LaunchScreen.storyboard in Resources */ = {isa = PBXBuildFile; fileRef = 5D915F8D1EA8B740009D7069 /* LaunchScreen.storyboard */; };
		5D915F9A1EA8B740009D7069 /* ListViewComponentDemoTests.m in Sources */ = {isa = PBXBuildFile; fileRef = 5D915F991EA8B740009D7069 /* ListViewComponentDemoTests.m */; };
		5D915FA51EA8B740009D7069 /* ListViewComponentDemoUITests.m in Sources */ = {isa = PBXBuildFile; fileRef = 5D915FA41EA8B740009D7069 /* ListViewComponentDemoUITests.m */; };
/* End PBXBuildFile section */

/* Begin PBXContainerItemProxy section */
		5D915F961EA8B740009D7069 /* PBXContainerItemProxy */ = {
			isa = PBXContainerItemProxy;
			containerPortal = 5D915F741EA8B740009D7069 /* Project object */;
			proxyType = 1;
			remoteGlobalIDString = 5D915F7B1EA8B740009D7069;
			remoteInfo = ListViewComponentDemo;
		};
		5D915FA11EA8B740009D7069 /* PBXContainerItemProxy */ = {
			isa = PBXContainerItemProxy;
			containerPortal = 5D915F741EA8B740009D7069 /* Project object */;
			proxyType = 1;
			remoteGlobalIDString = 5D915F7B1EA8B740009D7069;
			remoteInfo = ListViewComponentDemo;
		};
/* End PBXContainerItemProxy section */

/* Begin PBXFileReference section */
		5D3530291EA8F0B1005DB20F /* LJMListAdapter.h */ = {isa = PBXFileReference; fileEncoding = 4; lastKnownFileType = sourcecode.c.h; path = LJMListAdapter.h; sourceTree = "<group>"; };
		5D35302A1EA8F0B1005DB20F /* LJMListAdapter.m */ = {isa = PBXFileReference; fileEncoding = 4; lastKnownFileType = sourcecode.c.objc; path = LJMListAdapter.m; sourceTree = "<group>"; };
		5D35302C1EA8F6F2005DB20F /* LJMListSectionProtocol.h */ = {isa = PBXFileReference; fileEncoding = 4; lastKnownFileType = sourcecode.c.h; path = LJMListSectionProtocol.h; sourceTree = "<group>"; };
		5D35302D1EA90338005DB20F /* LJMListSectionConfiguration.h */ = {isa = PBXFileReference; fileEncoding = 4; lastKnownFileType = sourcecode.c.h; path = LJMListSectionConfiguration.h; sourceTree = "<group>"; };
		5D35302E1EA90338005DB20F /* LJMListSectionConfiguration.m */ = {isa = PBXFileReference; fileEncoding = 4; lastKnownFileType = sourcecode.c.objc; path = LJMListSectionConfiguration.m; sourceTree = "<group>"; };
		5D915F7C1EA8B740009D7069 /* ListViewComponentDemo.app */ = {isa = PBXFileReference; explicitFileType = wrapper.application; includeInIndex = 0; path = ListViewComponentDemo.app; sourceTree = BUILT_PRODUCTS_DIR; };
		5D915F801EA8B740009D7069 /* main.m */ = {isa = PBXFileReference; lastKnownFileType = sourcecode.c.objc; path = main.m; sourceTree = "<group>"; };
		5D915F821EA8B740009D7069 /* AppDelegate.h */ = {isa = PBXFileReference; lastKnownFileType = sourcecode.c.h; path = AppDelegate.h; sourceTree = "<group>"; };
		5D915F831EA8B740009D7069 /* AppDelegate.m */ = {isa = PBXFileReference; lastKnownFileType = sourcecode.c.objc; path = AppDelegate.m; sourceTree = "<group>"; };
		5D915F851EA8B740009D7069 /* ViewController.h */ = {isa = PBXFileReference; lastKnownFileType = sourcecode.c.h; path = ViewController.h; sourceTree = "<group>"; };
		5D915F861EA8B740009D7069 /* ViewController.m */ = {isa = PBXFileReference; lastKnownFileType = sourcecode.c.objc; path = ViewController.m; sourceTree = "<group>"; };
		5D915F891EA8B740009D7069 /* Base */ = {isa = PBXFileReference; lastKnownFileType = file.storyboard; name = Base; path = Base.lproj/Main.storyboard; sourceTree = "<group>"; };
		5D915F8B1EA8B740009D7069 /* Assets.xcassets */ = {isa = PBXFileReference; lastKnownFileType = folder.assetcatalog; path = Assets.xcassets; sourceTree = "<group>"; };
		5D915F8E1EA8B740009D7069 /* Base */ = {isa = PBXFileReference; lastKnownFileType = file.storyboard; name = Base; path = Base.lproj/LaunchScreen.storyboard; sourceTree = "<group>"; };
		5D915F901EA8B740009D7069 /* Info.plist */ = {isa = PBXFileReference; lastKnownFileType = text.plist.xml; path = Info.plist; sourceTree = "<group>"; };
		5D915F951EA8B740009D7069 /* ListViewComponentDemoTests.xctest */ = {isa = PBXFileReference; explicitFileType = wrapper.cfbundle; includeInIndex = 0; path = ListViewComponentDemoTests.xctest; sourceTree = BUILT_PRODUCTS_DIR; };
		5D915F991EA8B740009D7069 /* ListViewComponentDemoTests.m */ = {isa = PBXFileReference; lastKnownFileType = sourcecode.c.objc; path = ListViewComponentDemoTests.m; sourceTree = "<group>"; };
		5D915F9B1EA8B740009D7069 /* Info.plist */ = {isa = PBXFileReference; lastKnownFileType = text.plist.xml; path = Info.plist; sourceTree = "<group>"; };
		5D915FA01EA8B740009D7069 /* ListViewComponentDemoUITests.xctest */ = {isa = PBXFileReference; explicitFileType = wrapper.cfbundle; includeInIndex = 0; path = ListViewComponentDemoUITests.xctest; sourceTree = BUILT_PRODUCTS_DIR; };
		5D915FA41EA8B740009D7069 /* ListViewComponentDemoUITests.m */ = {isa = PBXFileReference; lastKnownFileType = sourcecode.c.objc; path = ListViewComponentDemoUITests.m; sourceTree = "<group>"; };
		5D915FA61EA8B740009D7069 /* Info.plist */ = {isa = PBXFileReference; lastKnownFileType = text.plist.xml; path = Info.plist; sourceTree = "<group>"; };
		5DAE5AC01EA99DD0005AB2C0 /* LJMListCellConvention.h */ = {isa = PBXFileReference; fileEncoding = 4; lastKnownFileType = sourcecode.c.h; path = LJMListCellConvention.h; sourceTree = "<group>"; };
		5DAE5AC11EA99E05005AB2C0 /* LJMListResponseDataProcessor.h */ = {isa = PBXFileReference; fileEncoding = 4; lastKnownFileType = sourcecode.c.h; name = LJMListResponseDataProcessor.h; path = ../LJMListResponseDataProcessor.h; sourceTree = "<group>"; };
/* End PBXFileReference section */

/* Begin PBXFrameworksBuildPhase section */
		5D915F791EA8B740009D7069 /* Frameworks */ = {
			isa = PBXFrameworksBuildPhase;
			buildActionMask = 2147483647;
			files = (
			);
			runOnlyForDeploymentPostprocessing = 0;
		};
		5D915F921EA8B740009D7069 /* Frameworks */ = {
			isa = PBXFrameworksBuildPhase;
			buildActionMask = 2147483647;
			files = (
			);
			runOnlyForDeploymentPostprocessing = 0;
		};
		5D915F9D1EA8B740009D7069 /* Frameworks */ = {
			isa = PBXFrameworksBuildPhase;
			buildActionMask = 2147483647;
			files = (
			);
			runOnlyForDeploymentPostprocessing = 0;
		};
/* End PBXFrameworksBuildPhase section */

/* Begin PBXGroup section */
		5D3530281EA8F08B005DB20F /* ListView */ = {
			isa = PBXGroup;
			children = (
				5DD1E1CC1EADA7CC0011DC70 /* Deprecated */,
				5D3530291EA8F0B1005DB20F /* LJMListAdapter.h */,
				5D35302A1EA8F0B1005DB20F /* LJMListAdapter.m */,
				5D35302C1EA8F6F2005DB20F /* LJMListSectionProtocol.h */,
				5D35302D1EA90338005DB20F /* LJMListSectionConfiguration.h */,
				5D35302E1EA90338005DB20F /* LJMListSectionConfiguration.m */,
			);
			path = ListView;
			sourceTree = "<group>";
		};
		5D915F731EA8B740009D7069 = {
			isa = PBXGroup;
			children = (
				5D915F7E1EA8B740009D7069 /* ListViewComponentDemo */,
				5D915F981EA8B740009D7069 /* ListViewComponentDemoTests */,
				5D915FA31EA8B740009D7069 /* ListViewComponentDemoUITests */,
				5D915F7D1EA8B740009D7069 /* Products */,
			);
			sourceTree = "<group>";
		};
		5D915F7D1EA8B740009D7069 /* Products */ = {
			isa = PBXGroup;
			children = (
				5D915F7C1EA8B740009D7069 /* ListViewComponentDemo.app */,
				5D915F951EA8B740009D7069 /* ListViewComponentDemoTests.xctest */,
				5D915FA01EA8B740009D7069 /* ListViewComponentDemoUITests.xctest */,
			);
			name = Products;
			sourceTree = "<group>";
		};
		5D915F7E1EA8B740009D7069 /* ListViewComponentDemo */ = {
			isa = PBXGroup;
			children = (
				5D3530281EA8F08B005DB20F /* ListView */,
				5D915F821EA8B740009D7069 /* AppDelegate.h */,
				5D915F831EA8B740009D7069 /* AppDelegate.m */,
				5D915F851EA8B740009D7069 /* ViewController.h */,
				5D915F861EA8B740009D7069 /* ViewController.m */,
				5D915F881EA8B740009D7069 /* Main.storyboard */,
				5D915F8B1EA8B740009D7069 /* Assets.xcassets */,
				5D915F8D1EA8B740009D7069 /* LaunchScreen.storyboard */,
				5D915F901EA8B740009D7069 /* Info.plist */,
				5D915F7F1EA8B740009D7069 /* Supporting Files */,
			);
			path = ListViewComponentDemo;
			sourceTree = "<group>";
		};
		5D915F7F1EA8B740009D7069 /* Supporting Files */ = {
			isa = PBXGroup;
			children = (
				5D915F801EA8B740009D7069 /* main.m */,
			);
			name = "Supporting Files";
			sourceTree = "<group>";
		};
		5D915F981EA8B740009D7069 /* ListViewComponentDemoTests */ = {
			isa = PBXGroup;
			children = (
				5D915F991EA8B740009D7069 /* ListViewComponentDemoTests.m */,
				5D915F9B1EA8B740009D7069 /* Info.plist */,
			);
			path = ListViewComponentDemoTests;
			sourceTree = "<group>";
		};
		5D915FA31EA8B740009D7069 /* ListViewComponentDemoUITests */ = {
			isa = PBXGroup;
			children = (
				5D915FA41EA8B740009D7069 /* ListViewComponentDemoUITests.m */,
				5D915FA61EA8B740009D7069 /* Info.plist */,
			);
			path = ListViewComponentDemoUITests;
			sourceTree = "<group>";
		};
		5DAE5ABF1EA99D9E005AB2C0 /* Cell */ = {
			isa = PBXGroup;
			children = (
				5DAE5AC01EA99DD0005AB2C0 /* LJMListCellConvention.h */,
			);
			name = Cell;
			path = ../Cell;
			sourceTree = "<group>";
		};
		5DD1E1CC1EADA7CC0011DC70 /* Deprecated */ = {
			isa = PBXGroup;
			children = (
				5DAE5AC11EA99E05005AB2C0 /* LJMListResponseDataProcessor.h */,
				5DAE5ABF1EA99D9E005AB2C0 /* Cell */,
			);
			path = Deprecated;
			sourceTree = "<group>";
		};
/* End PBXGroup section */

/* Begin PBXNativeTarget section */
		5D915F7B1EA8B740009D7069 /* ListViewComponentDemo */ = {
			isa = PBXNativeTarget;
			buildConfigurationList = 5D915FA91EA8B740009D7069 /* Build configuration list for PBXNativeTarget "ListViewComponentDemo" */;
			buildPhases = (
				5D915F781EA8B740009D7069 /* Sources */,
				5D915F791EA8B740009D7069 /* Frameworks */,
				5D915F7A1EA8B740009D7069 /* Resources */,
			);
			buildRules = (
			);
			dependencies = (
			);
			name = ListViewComponentDemo;
			productName = ListViewComponentDemo;
			productReference = 5D915F7C1EA8B740009D7069 /* ListViewComponentDemo.app */;
			productType = "com.apple.product-type.application";
		};
		5D915F941EA8B740009D7069 /* ListViewComponentDemoTests */ = {
			isa = PBXNativeTarget;
			buildConfigurationList = 5D915FAC1EA8B740009D7069 /* Build configuration list for PBXNativeTarget "ListViewComponentDemoTests" */;
			buildPhases = (
				5D915F911EA8B740009D7069 /* Sources */,
				5D915F921EA8B740009D7069 /* Frameworks */,
				5D915F931EA8B740009D7069 /* Resources */,
			);
			buildRules = (
			);
			dependencies = (
				5D915F971EA8B740009D7069 /* PBXTargetDependency */,
			);
			name = ListViewComponentDemoTests;
			productName = ListViewComponentDemoTests;
			productReference = 5D915F951EA8B740009D7069 /* ListViewComponentDemoTests.xctest */;
			productType = "com.apple.product-type.bundle.unit-test";
		};
		5D915F9F1EA8B740009D7069 /* ListViewComponentDemoUITests */ = {
			isa = PBXNativeTarget;
			buildConfigurationList = 5D915FAF1EA8B740009D7069 /* Build configuration list for PBXNativeTarget "ListViewComponentDemoUITests" */;
			buildPhases = (
				5D915F9C1EA8B740009D7069 /* Sources */,
				5D915F9D1EA8B740009D7069 /* Frameworks */,
				5D915F9E1EA8B740009D7069 /* Resources */,
			);
			buildRules = (
			);
			dependencies = (
				5D915FA21EA8B740009D7069 /* PBXTargetDependency */,
			);
			name = ListViewComponentDemoUITests;
			productName = ListViewComponentDemoUITests;
			productReference = 5D915FA01EA8B740009D7069 /* ListViewComponentDemoUITests.xctest */;
			productType = "com.apple.product-type.bundle.ui-testing";
		};
/* End PBXNativeTarget section */

/* Begin PBXProject section */
		5D915F741EA8B740009D7069 /* Project object */ = {
			isa = PBXProject;
			attributes = {
				CLASSPREFIX = LJM;
				LastUpgradeCheck = 0830;
				ORGANIZATIONNAME = com.lianjia;
				TargetAttributes = {
					5D915F7B1EA8B740009D7069 = {
						CreatedOnToolsVersion = 8.3.1;
						DevelopmentTeam = FC99DXGWE9;
						ProvisioningStyle = Automatic;
					};
					5D915F941EA8B740009D7069 = {
						CreatedOnToolsVersion = 8.3.1;
						DevelopmentTeam = FC99DXGWE9;
						ProvisioningStyle = Automatic;
						TestTargetID = 5D915F7B1EA8B740009D7069;
					};
					5D915F9F1EA8B740009D7069 = {
						CreatedOnToolsVersion = 8.3.1;
						DevelopmentTeam = FC99DXGWE9;
						ProvisioningStyle = Automatic;
						TestTargetID = 5D915F7B1EA8B740009D7069;
					};
				};
			};
			buildConfigurationList = 5D915F771EA8B740009D7069 /* Build configuration list for PBXProject "ListViewComponentDemo" */;
			compatibilityVersion = "Xcode 3.2";
			developmentRegion = English;
			hasScannedForEncodings = 0;
			knownRegions = (
				en,
				Base,
			);
			mainGroup = 5D915F731EA8B740009D7069;
			productRefGroup = 5D915F7D1EA8B740009D7069 /* Products */;
			projectDirPath = "";
			projectRoot = "";
			targets = (
				5D915F7B1EA8B740009D7069 /* ListViewComponentDemo */,
				5D915F941EA8B740009D7069 /* ListViewComponentDemoTests */,
				5D915F9F1EA8B740009D7069 /* ListViewComponentDemoUITests */,
			);
		};
/* End PBXProject section */

/* Begin PBXResourcesBuildPhase section */
		5D915F7A1EA8B740009D7069 /* Resources */ = {
			isa = PBXResourcesBuildPhase;
			buildActionMask = 2147483647;
			files = (
				5D915F8F1EA8B740009D7069 /* LaunchScreen.storyboard in Resources */,
				5D915F8C1EA8B740009D7069 /* Assets.xcassets in Resources */,
				5D915F8A1EA8B740009D7069 /* Main.storyboard in Resources */,
			);
			runOnlyForDeploymentPostprocessing = 0;
		};
		5D915F931EA8B740009D7069 /* Resources */ = {
			isa = PBXResourcesBuildPhase;
			buildActionMask = 2147483647;
			files = (
			);
			runOnlyForDeploymentPostprocessing = 0;
		};
		5D915F9E1EA8B740009D7069 /* Resources */ = {
			isa = PBXResourcesBuildPhase;
			buildActionMask = 2147483647;
			files = (
			);
			runOnlyForDeploymentPostprocessing = 0;
		};
/* End PBXResourcesBuildPhase section */

/* Begin PBXSourcesBuildPhase section */
		5D915F781EA8B740009D7069 /* Sources */ = {
			isa = PBXSourcesBuildPhase;
			buildActionMask = 2147483647;
			files = (
				5D915F871EA8B740009D7069 /* ViewController.m in Sources */,
				5D915F841EA8B740009D7069 /* AppDelegate.m in Sources */,
				5D35302B1EA8F0B1005DB20F /* LJMListAdapter.m in Sources */,
				5D35302F1EA90338005DB20F /* LJMListSectionConfiguration.m in Sources */,
				5D915F811EA8B740009D7069 /* main.m in Sources */,
			);
			runOnlyForDeploymentPostprocessing = 0;
		};
		5D915F911EA8B740009D7069 /* Sources */ = {
			isa = PBXSourcesBuildPhase;
			buildActionMask = 2147483647;
			files = (
				5D915F9A1EA8B740009D7069 /* ListViewComponentDemoTests.m in Sources */,
			);
			runOnlyForDeploymentPostprocessing = 0;
		};
		5D915F9C1EA8B740009D7069 /* Sources */ = {
			isa = PBXSourcesBuildPhase;
			buildActionMask = 2147483647;
			files = (
				5D915FA51EA8B740009D7069 /* ListViewComponentDemoUITests.m in Sources */,
			);
			runOnlyForDeploymentPostprocessing = 0;
		};
/* End PBXSourcesBuildPhase section */

/* Begin PBXTargetDependency section */
		5D915F971EA8B740009D7069 /* PBXTargetDependency */ = {
			isa = PBXTargetDependency;
			target = 5D915F7B1EA8B740009D7069 /* ListViewComponentDemo */;
			targetProxy = 5D915F961EA8B740009D7069 /* PBXContainerItemProxy */;
		};
		5D915FA21EA8B740009D7069 /* PBXTargetDependency */ = {
			isa = PBXTargetDependency;
			target = 5D915F7B1EA8B740009D7069 /* ListViewComponentDemo */;
			targetProxy = 5D915FA11EA8B740009D7069 /* PBXContainerItemProxy */;
		};
/* End PBXTargetDependency section */

/* Begin PBXVariantGroup section */
		5D915F881EA8B740009D7069 /* Main.storyboard */ = {
			isa = PBXVariantGroup;
			children = (
				5D915F891EA8B740009D7069 /* Base */,
			);
			name = Main.storyboard;
			sourceTree = "<group>";
		};
		5D915F8D1EA8B740009D7069 /* LaunchScreen.storyboard */ = {
			isa = PBXVariantGroup;
			children = (
				5D915F8E1EA8B740009D7069 /* Base */,
			);
			name = LaunchScreen.storyboard;
			sourceTree = "<group>";
		};
/* End PBXVariantGroup section */

/* Begin XCBuildConfiguration section */
		5D915FA71EA8B740009D7069 /* Debug */ = {
			isa = XCBuildConfiguration;
			buildSettings = {
				ALWAYS_SEARCH_USER_PATHS = NO;
				CLANG_ANALYZER_NONNULL = YES;
				CLANG_ANALYZER_NUMBER_OBJECT_CONVERSION = YES_AGGRESSIVE;
				CLANG_CXX_LANGUAGE_STANDARD = "gnu++0x";
				CLANG_CXX_LIBRARY = "libc++";
				CLANG_ENABLE_MODULES = YES;
				CLANG_ENABLE_OBJC_ARC = YES;
				CLANG_WARN_BOOL_CONVERSION = YES;
				CLANG_WARN_CONSTANT_CONVERSION = YES;
				CLANG_WARN_DIRECT_OBJC_ISA_USAGE = YES_ERROR;
				CLANG_WARN_DOCUMENTATION_COMMENTS = YES;
				CLANG_WARN_EMPTY_BODY = YES;
				CLANG_WARN_ENUM_CONVERSION = YES;
				CLANG_WARN_INFINITE_RECURSION = YES;
				CLANG_WARN_INT_CONVERSION = YES;
				CLANG_WARN_OBJC_ROOT_CLASS = YES_ERROR;
				CLANG_WARN_SUSPICIOUS_MOVE = YES;
				CLANG_WARN_UNREACHABLE_CODE = YES;
				CLANG_WARN__DUPLICATE_METHOD_MATCH = YES;
				"CODE_SIGN_IDENTITY[sdk=iphoneos*]" = "iPhone Developer";
				COPY_PHASE_STRIP = NO;
				DEBUG_INFORMATION_FORMAT = dwarf;
				ENABLE_STRICT_OBJC_MSGSEND = YES;
				ENABLE_TESTABILITY = YES;
				GCC_C_LANGUAGE_STANDARD = gnu99;
				GCC_DYNAMIC_NO_PIC = NO;
				GCC_NO_COMMON_BLOCKS = YES;
				GCC_OPTIMIZATION_LEVEL = 0;
				GCC_PREPROCESSOR_DEFINITIONS = (
					"DEBUG=1",
					"$(inherited)",
				);
				GCC_WARN_64_TO_32_BIT_CONVERSION = YES;
				GCC_WARN_ABOUT_RETURN_TYPE = YES_ERROR;
				GCC_WARN_UNDECLARED_SELECTOR = YES;
				GCC_WARN_UNINITIALIZED_AUTOS = YES_AGGRESSIVE;
				GCC_WARN_UNUSED_FUNCTION = YES;
				GCC_WARN_UNUSED_VARIABLE = YES;
				IPHONEOS_DEPLOYMENT_TARGET = 10.3;
				MTL_ENABLE_DEBUG_INFO = YES;
				ONLY_ACTIVE_ARCH = YES;
				SDKROOT = iphoneos;
				TARGETED_DEVICE_FAMILY = "1,2";
			};
			name = Debug;
		};
		5D915FA81EA8B740009D7069 /* Release */ = {
			isa = XCBuildConfiguration;
			buildSettings = {
				ALWAYS_SEARCH_USER_PATHS = NO;
				CLANG_ANALYZER_NONNULL = YES;
				CLANG_ANALYZER_NUMBER_OBJECT_CONVERSION = YES_AGGRESSIVE;
				CLANG_CXX_LANGUAGE_STANDARD = "gnu++0x";
				CLANG_CXX_LIBRARY = "libc++";
				CLANG_ENABLE_MODULES = YES;
				CLANG_ENABLE_OBJC_ARC = YES;
				CLANG_WARN_BOOL_CONVERSION = YES;
				CLANG_WARN_CONSTANT_CONVERSION = YES;
				CLANG_WARN_DIRECT_OBJC_ISA_USAGE = YES_ERROR;
				CLANG_WARN_DOCUMENTATION_COMMENTS = YES;
				CLANG_WARN_EMPTY_BODY = YES;
				CLANG_WARN_ENUM_CONVERSION = YES;
				CLANG_WARN_INFINITE_RECURSION = YES;
				CLANG_WARN_INT_CONVERSION = YES;
				CLANG_WARN_OBJC_ROOT_CLASS = YES_ERROR;
				CLANG_WARN_SUSPICIOUS_MOVE = YES;
				CLANG_WARN_UNREACHABLE_CODE = YES;
				CLANG_WARN__DUPLICATE_METHOD_MATCH = YES;
				"CODE_SIGN_IDENTITY[sdk=iphoneos*]" = "iPhone Developer";
				COPY_PHASE_STRIP = NO;
				DEBUG_INFORMATION_FORMAT = "dwarf-with-dsym";
				ENABLE_NS_ASSERTIONS = NO;
				ENABLE_STRICT_OBJC_MSGSEND = YES;
				GCC_C_LANGUAGE_STANDARD = gnu99;
				GCC_NO_COMMON_BLOCKS = YES;
				GCC_WARN_64_TO_32_BIT_CONVERSION = YES;
				GCC_WARN_ABOUT_RETURN_TYPE = YES_ERROR;
				GCC_WARN_UNDECLARED_SELECTOR = YES;
				GCC_WARN_UNINITIALIZED_AUTOS = YES_AGGRESSIVE;
				GCC_WARN_UNUSED_FUNCTION = YES;
				GCC_WARN_UNUSED_VARIABLE = YES;
				IPHONEOS_DEPLOYMENT_TARGET = 10.3;
				MTL_ENABLE_DEBUG_INFO = NO;
				SDKROOT = iphoneos;
				TARGETED_DEVICE_FAMILY = "1,2";
				VALIDATE_PRODUCT = YES;
			};
			name = Release;
		};
		5D915FAA1EA8B740009D7069 /* Debug */ = {
			isa = XCBuildConfiguration;
			buildSettings = {
				ASSETCATALOG_COMPILER_APPICON_NAME = AppIcon;
				DEVELOPMENT_TEAM = FC99DXGWE9;
				INFOPLIST_FILE = ListViewComponentDemo/Info.plist;
				LD_RUNPATH_SEARCH_PATHS = "$(inherited) @executable_path/Frameworks";
				PRODUCT_BUNDLE_IDENTIFIER = com.lianjia.listviewcomponentdemo.ListViewComponentDemo;
				PRODUCT_NAME = "$(TARGET_NAME)";
			};
			name = Debug;
		};
		5D915FAB1EA8B740009D7069 /* Release */ = {
			isa = XCBuildConfiguration;
			buildSettings = {
				ASSETCATALOG_COMPILER_APPICON_NAME = AppIcon;
				DEVELOPMENT_TEAM = FC99DXGWE9;
				INFOPLIST_FILE = ListViewComponentDemo/Info.plist;
				LD_RUNPATH_SEARCH_PATHS = "$(inherited) @executable_path/Frameworks";
				PRODUCT_BUNDLE_IDENTIFIER = com.lianjia.listviewcomponentdemo.ListViewComponentDemo;
				PRODUCT_NAME = "$(TARGET_NAME)";
			};
			name = Release;
		};
		5D915FAD1EA8B740009D7069 /* Debug */ = {
			isa = XCBuildConfiguration;
			buildSettings = {
				BUNDLE_LOADER = "$(TEST_HOST)";
				DEVELOPMENT_TEAM = FC99DXGWE9;
				INFOPLIST_FILE = ListViewComponentDemoTests/Info.plist;
				LD_RUNPATH_SEARCH_PATHS = "$(inherited) @executable_path/Frameworks @loader_path/Frameworks";
				PRODUCT_BUNDLE_IDENTIFIER = com.lianjia.listviewcomponentdemo.ListViewComponentDemoTests;
				PRODUCT_NAME = "$(TARGET_NAME)";
				TEST_HOST = "$(BUILT_PRODUCTS_DIR)/ListViewComponentDemo.app/ListViewComponentDemo";
			};
			name = Debug;
		};
		5D915FAE1EA8B740009D7069 /* Release */ = {
			isa = XCBuildConfiguration;
			buildSettings = {
				BUNDLE_LOADER = "$(TEST_HOST)";
				DEVELOPMENT_TEAM = FC99DXGWE9;
				INFOPLIST_FILE = ListViewComponentDemoTests/Info.plist;
				LD_RUNPATH_SEARCH_PATHS = "$(inherited) @executable_path/Frameworks @loader_path/Frameworks";
				PRODUCT_BUNDLE_IDENTIFIER = com.lianjia.listviewcomponentdemo.ListViewComponentDemoTests;
				PRODUCT_NAME = "$(TARGET_NAME)";
				TEST_HOST = "$(BUILT_PRODUCTS_DIR)/ListViewComponentDemo.app/ListViewComponentDemo";
			};
			name = Release;
		};
		5D915FB01EA8B740009D7069 /* Debug */ = {
			isa = XCBuildConfiguration;
			buildSettings = {
				DEVELOPMENT_TEAM = FC99DXGWE9;
				INFOPLIST_FILE = ListViewComponentDemoUITests/Info.plist;
				LD_RUNPATH_SEARCH_PATHS = "$(inherited) @executable_path/Frameworks @loader_path/Frameworks";
				PRODUCT_BUNDLE_IDENTIFIER = com.lianjia.listviewcomponentdemo.ListViewComponentDemoUITests;
				PRODUCT_NAME = "$(TARGET_NAME)";
				TEST_TARGET_NAME = ListViewComponentDemo;
			};
			name = Debug;
		};
		5D915FB11EA8B740009D7069 /* Release */ = {
			isa = XCBuildConfiguration;
			buildSettings = {
				DEVELOPMENT_TEAM = FC99DXGWE9;
				INFOPLIST_FILE = ListViewComponentDemoUITests/Info.plist;
				LD_RUNPATH_SEARCH_PATHS = "$(inherited) @executable_path/Frameworks @loader_path/Frameworks";
				PRODUCT_BUNDLE_IDENTIFIER = com.lianjia.listviewcomponentdemo.ListViewComponentDemoUITests;
				PRODUCT_NAME = "$(TARGET_NAME)";
				TEST_TARGET_NAME = ListViewComponentDemo;
			};
			name = Release;
		};
/* End XCBuildConfiguration section */

/* Begin XCConfigurationList section */
		5D915F771EA8B740009D7069 /* Build configuration list for PBXProject "ListViewComponentDemo" */ = {
			isa = XCConfigurationList;
			buildConfigurations = (
				5D915FA71EA8B740009D7069 /* Debug */,
				5D915FA81EA8B740009D7069 /* Release */,
			);
			defaultConfigurationIsVisible = 0;
			defaultConfigurationName = Release;
		};
		5D915FA91EA8B740009D7069 /* Build configuration list for PBXNativeTarget "ListViewComponentDemo" */ = {
			isa = XCConfigurationList;
			buildConfigurations = (
				5D915FAA1EA8B740009D7069 /* Debug */,
				5D915FAB1EA8B740009D7069 /* Release */,
			);
			defaultConfigurationIsVisible = 0;
			defaultConfigurationName = Release;
		};
		5D915FAC1EA8B740009D7069 /* Build configuration list for PBXNativeTarget "ListViewComponentDemoTests" */ = {
			isa = XCConfigurationList;
			buildConfigurations = (
				5D915FAD1EA8B740009D7069 /* Debug */,
				5D915FAE1EA8B740009D7069 /* Release */,
			);
			defaultConfigurationIsVisible = 0;
			defaultConfigurationName = Release;
		};
		5D915FAF1EA8B740009D7069 /* Build configuration list for PBXNativeTarget "ListViewComponentDemoUITests" */ = {
			isa = XCConfigurationList;
			buildConfigurations = (
				5D915FB01EA8B740009D7069 /* Debug */,
				5D915FB11EA8B740009D7069 /* Release */,
			);
			defaultConfigurationIsVisible = 0;
			defaultConfigurationName = Release;
		};
/* End XCConfigurationList section */
	};
	rootObject = 5D915F741EA8B740009D7069 /* Project object */;
}
